
Microsoft Visual Studio Solution File, Format Version 12.00
# Visual Studio Version 16
VisualStudioVersion = 16.0.31702.278
MinimumVisualStudioVersion = 10.0.40219.1
Project("{8BC9CEB8-8B4A-11D0-8D11-00A0C91BC942}") = "SnakeC", "SnakeC\SnakeC.vcxproj", "{BAC92142-BE0B-4443-AB4C-685FF891F70D}"
EndProject
Global
	GlobalSection(SolutionConfigurationPlatforms) = preSolution
		Debug|x64 = Debug|x64
		Debug|x86 = Debug|x86
		Release|x64 = Release|x64
		Release|x86 = Release|x86
	EndGlobalSection
	GlobalSection(ProjectConfigurationPlatforms) = postSolution
		{BAC92142-BE0B-4443-AB4C-685FF891F70D}.Debug|x64.ActiveCfg = Debug|x64
		{BAC92142-BE0B-4443-AB4C-685FF891F70D}.Debug|x64.Build.0 = Debug|x64
		{BAC92142-BE0B-4443-AB4C-685FF891F70D}.Debug|x86.ActiveCfg = Debug|Win32
		{BAC92142-BE0B-4443-AB4C-685FF891F70D}.Debug|x86.Build.0 = Debug|Win32
		{BAC92142-BE0B-4443-AB4C-685FF891F70D}.Release|x64.ActiveCfg = Release|x64
		{BAC92142-BE0B-4443-AB4C-685FF891F70D}.Release|x64.Build.0 = Release|x64
		{BAC92142-BE0B-4443-AB4C-685FF891F70D}.Release|x86.ActiveCfg = Release|Win32
		{BAC92142-BE0B-4443-AB4C-685FF891F70D}.Release|x86.Build.0 = Release|Win32
	EndGlobalSection
	GlobalSection(SolutionProperties) = preSolution
		HideSolutionNode = FALSE
	EndGlobalSection
	GlobalSection(ExtensibilityGlobals) = postSolution
		SolutionGuid = {5E42099B-5BE3-4C57-BCDF-EDFAF72F5CA4}
	EndGlobalSection
EndGlobal
